
Microsoft Visual Studio Solution File, Format Version 12.00
# Visual Studio Version 17
VisualStudioVersion = 17.5.002.0
MinimumVisualStudioVersion = 10.0.40219.1
Project("{9A19103F-16F7-4668-BE54-9A1E7A4F7556}") = "questao7", "questao7\questao7.csproj", "{F9839FC4-31FB-4238-AA4C-8AA046D0B105}"
EndProject
Global
	GlobalSection(SolutionConfigurationPlatforms) = preSolution
		Debug|Any CPU = Debug|Any CPU
		Release|Any CPU = Release|Any CPU
	EndGlobalSection
	GlobalSection(ProjectConfigurationPlatforms) = postSolution
		{F9839FC4-31FB-4238-AA4C-8AA046D0B105}.Debug|Any CPU.ActiveCfg = Debug|Any CPU
		{F9839FC4-31FB-4238-AA4C-8AA046D0B105}.Debug|Any CPU.Build.0 = Debug|Any CPU
		{F9839FC4-31FB-4238-AA4C-8AA046D0B105}.Release|Any CPU.ActiveCfg = Release|Any CPU
		{F9839FC4-31FB-4238-AA4C-8AA046D0B105}.Release|Any CPU.Build.0 = Release|Any CPU
	EndGlobalSection
	GlobalSection(SolutionProperties) = preSolution
		HideSolutionNode = FALSE
	EndGlobalSection
	GlobalSection(ExtensibilityGlobals) = postSolution
		SolutionGuid = {7204F165-925D-4D3E-BE09-9F68D1DFC6FE}
	EndGlobalSection
EndGlobal
